{
  "name": "pos-module-chat",
  "version": "1.0.0",
  "lockfileVersion": 3,
  "requires": true,
  "packages": {
    "": {
      "name": "pos-module-chat",
      "version": "1.0.0",
      "license": "Creative Commons Attribution 3.0",
      "dependencies": {
        "@rails/actioncable": "^6.0.3-2"
      }
    },
    "node_modules/@rails/actioncable": {
      "version": "6.1.710",
      "resolved": "https://registry.npmjs.org/@rails/actioncable/-/actioncable-6.1.710.tgz",
      "integrity": "sha512-YDzMuh8mDRNLFXiexlLVnF1NUwk1bXwwO1gtEhOCsCqIsL6D21JfxpMwAD5x8qzrMJ1J0RZVa2hLl7ofeg+Mqw==",
      "license": "MIT"
    }
  }
}
